# This file is automatically @generated by Cargo.
# It is not intended for manual editing.
version = 3

[[package]]
name = "common"
version = "0.1.0"

[[package]]
name = "container"
version = "0.1.0"

[[package]]
name = "ffi"
version = "0.1.0"

[[package]]
name = "image"
version = "0.1.0"

[[package]]
name = "network"
version = "0.1.0"

[[package]]
name = "sandbox"
version = "0.1.0"

[[package]]
name = "server"
version = "0.1.0"

[[package]]
name = "services"
version = "0.1.0"

[[package]]
name = "storage"
version = "0.1.0"
